// !$*UTF8*$!
{
	archiveVersion = 1;
	classes = {
	};
	objectVersion = 46;
	objects = {

/* Begin PBXBuildFile section */
		FA8FD97B1C7F382B006380F1 /* AppDelegate.swift in Sources */ = {isa = PBXBuildFile; fileRef = FA8FD97A1C7F382B006380F1 /* AppDelegate.swift */; };
		FA8FD97D1C7F382B006380F1 /* Metronome.swift in Sources */ = {isa = PBXBuildFile; fileRef = FA8FD97C1C7F382B006380F1 /* Metronome.swift */; };
		FA8FD9801C7F382B006380F1 /* Main.storyboard in Resources */ = {isa = PBXBuildFile; fileRef = FA8FD97E1C7F382B006380F1 /* Main.storyboard */; };
		FA8FD9831C7F382B006380F1 /* p5.xcdatamodeld in Sources */ = {isa = PBXBuildFile; fileRef = FA8FD9811C7F382B006380F1 /* p5.xcdatamodeld */; };
		FA8FD9851C7F382B006380F1 /* Assets.xcassets in Resources */ = {isa = PBXBuildFile; fileRef = FA8FD9841C7F382B006380F1 /* Assets.xcassets */; };
		FA8FD9881C7F382B006380F1 /* LaunchScreen.storyboard in Resources */ = {isa = PBXBuildFile; fileRef = FA8FD9861C7F382B006380F1 /* LaunchScreen.storyboard */; };
		FA8FD9901C7F3855006380F1 /* plan.txt in Resources */ = {isa = PBXBuildFile; fileRef = FA8FD98F1C7F3855006380F1 /* plan.txt */; };
		FA8FD9921C81B1FA006380F1 /* RecordViewController.swift in Sources */ = {isa = PBXBuildFile; fileRef = FA8FD9911C81B1FA006380F1 /* RecordViewController.swift */; };
		FA8FD9941C81C99B006380F1 /* metronomeClick.mp3 in Resources */ = {isa = PBXBuildFile; fileRef = FA8FD9931C81C99B006380F1 /* metronomeClick.mp3 */; };
		FA970D741C829EF400E9EFCB /* RecordPlayAudio.swift in Sources */ = {isa = PBXBuildFile; fileRef = FA970D731C829EF400E9EFCB /* RecordPlayAudio.swift */; };
		FA970D771C829FCD00E9EFCB /* RecordedAudio.swift in Sources */ = {isa = PBXBuildFile; fileRef = FA970D761C829FCD00E9EFCB /* RecordedAudio.swift */; };
		FA970D791C82B68700E9EFCB /* MetronomeSubviewcontroller.swift in Sources */ = {isa = PBXBuildFile; fileRef = FA970D781C82B68700E9EFCB /* MetronomeSubviewcontroller.swift */; };
/* End PBXBuildFile section */

/* Begin PBXFileReference section */
		FA8FD9771C7F382B006380F1 /* p5.app */ = {isa = PBXFileReference; explicitFileType = wrapper.application; includeInIndex = 0; path = p5.app; sourceTree = BUILT_PRODUCTS_DIR; };
		FA8FD97A1C7F382B006380F1 /* AppDelegate.swift */ = {isa = PBXFileReference; lastKnownFileType = sourcecode.swift; path = AppDelegate.swift; sourceTree = "<group>"; };
		FA8FD97C1C7F382B006380F1 /* Metronome.swift */ = {isa = PBXFileReference; lastKnownFileType = sourcecode.swift; path = Metronome.swift; sourceTree = "<group>"; };
		FA8FD97F1C7F382B006380F1 /* Base */ = {isa = PBXFileReference; lastKnownFileType = file.storyboard; name = Base; path = Base.lproj/Main.storyboard; sourceTree = "<group>"; };
		FA8FD9821C7F382B006380F1 /* p5.xcdatamodel */ = {isa = PBXFileReference; lastKnownFileType = wrapper.xcdatamodel; path = p5.xcdatamodel; sourceTree = "<group>"; };
		FA8FD9841C7F382B006380F1 /* Assets.xcassets */ = {isa = PBXFileReference; lastKnownFileType = folder.assetcatalog; path = Assets.xcassets; sourceTree = "<group>"; };
		FA8FD9871C7F382B006380F1 /* Base */ = {isa = PBXFileReference; lastKnownFileType = file.storyboard; name = Base; path = Base.lproj/LaunchScreen.storyboard; sourceTree = "<group>"; };
		FA8FD9891C7F382B006380F1 /* Info.plist */ = {isa = PBXFileReference; lastKnownFileType = text.plist.xml; path = Info.plist; sourceTree = "<group>"; };
		FA8FD98F1C7F3855006380F1 /* plan.txt */ = {isa = PBXFileReference; fileEncoding = 4; lastKnownFileType = text; path = plan.txt; sourceTree = "<group>"; };
		FA8FD9911C81B1FA006380F1 /* RecordViewController.swift */ = {isa = PBXFileReference; fileEncoding = 4; lastKnownFileType = sourcecode.swift; name = RecordViewController.swift; path = ../RecordViewController.swift; sourceTree = "<group>"; };
		FA8FD9931C81C99B006380F1 /* metronomeClick.mp3 */ = {isa = PBXFileReference; lastKnownFileType = audio.mp3; path = metronomeClick.mp3; sourceTree = "<group>"; };
		FA970D731C829EF400E9EFCB /* RecordPlayAudio.swift */ = {isa = PBXFileReference; fileEncoding = 4; lastKnownFileType = sourcecode.swift; path = RecordPlayAudio.swift; sourceTree = "<group>"; };
		FA970D761C829FCD00E9EFCB /* RecordedAudio.swift */ = {isa = PBXFileReference; fileEncoding = 4; lastKnownFileType = sourcecode.swift; path = RecordedAudio.swift; sourceTree = "<group>"; };
		FA970D781C82B68700E9EFCB /* MetronomeSubviewcontroller.swift */ = {isa = PBXFileReference; fileEncoding = 4; lastKnownFileType = sourcecode.swift; path = MetronomeSubviewcontroller.swift; sourceTree = "<group>"; };
/* End PBXFileReference section */

/* Begin PBXFrameworksBuildPhase section */
		FA8FD9741C7F382B006380F1 /* Frameworks */ = {
			isa = PBXFrameworksBuildPhase;
			buildActionMask = 2147483647;
			files = (
			);
			runOnlyForDeploymentPostprocessing = 0;
		};
/* End PBXFrameworksBuildPhase section */

/* Begin PBXGroup section */
		FA8FD96E1C7F382A006380F1 = {
			isa = PBXGroup;
			children = (
				FA8FD98F1C7F3855006380F1 /* plan.txt */,
				FA8FD9791C7F382B006380F1 /* p5 */,
				FA8FD9781C7F382B006380F1 /* Products */,
			);
			sourceTree = "<group>";
		};
		FA8FD9781C7F382B006380F1 /* Products */ = {
			isa = PBXGroup;
			children = (
				FA8FD9771C7F382B006380F1 /* p5.app */,
			);
			name = Products;
			sourceTree = "<group>";
		};
		FA8FD9791C7F382B006380F1 /* p5 */ = {
			isa = PBXGroup;
			children = (
				FA8FD97E1C7F382B006380F1 /* Main.storyboard */,
				FA970D751C829F8F00E9EFCB /* Recorder */,
				FA970D721C81DBBF00E9EFCB /* Metronome */,
				FA8FD9911C81B1FA006380F1 /* RecordViewController.swift */,
				FA8FD97A1C7F382B006380F1 /* AppDelegate.swift */,
				FA8FD9841C7F382B006380F1 /* Assets.xcassets */,
				FA8FD9861C7F382B006380F1 /* LaunchScreen.storyboard */,
				FA8FD9891C7F382B006380F1 /* Info.plist */,
				FA8FD9811C7F382B006380F1 /* p5.xcdatamodeld */,
			);
			path = p5;
			sourceTree = "<group>";
		};
		FA970D721C81DBBF00E9EFCB /* Metronome */ = {
			isa = PBXGroup;
			children = (
				FA8FD97C1C7F382B006380F1 /* Metronome.swift */,
				FA970D781C82B68700E9EFCB /* MetronomeSubviewcontroller.swift */,
				FA8FD9931C81C99B006380F1 /* metronomeClick.mp3 */,
			);
			name = Metronome;
			sourceTree = "<group>";
		};
		FA970D751C829F8F00E9EFCB /* Recorder */ = {
			isa = PBXGroup;
			children = (
				FA970D731C829EF400E9EFCB /* RecordPlayAudio.swift */,
				FA970D761C829FCD00E9EFCB /* RecordedAudio.swift */,
			);
			name = Recorder;
			sourceTree = "<group>";
		};
/* End PBXGroup section */

/* Begin PBXNativeTarget section */
		FA8FD9761C7F382B006380F1 /* p5 */ = {
			isa = PBXNativeTarget;
			buildConfigurationList = FA8FD98C1C7F382B006380F1 /* Build configuration list for PBXNativeTarget "p5" */;
			buildPhases = (
				FA8FD9731C7F382B006380F1 /* Sources */,
				FA8FD9741C7F382B006380F1 /* Frameworks */,
				FA8FD9751C7F382B006380F1 /* Resources */,
			);
			buildRules = (
			);
			dependencies = (
			);
			name = p5;
			productName = p5;
			productReference = FA8FD9771C7F382B006380F1 /* p5.app */;
			productType = "com.apple.product-type.application";
		};
/* End PBXNativeTarget section */

/* Begin PBXProject section */
		FA8FD96F1C7F382B006380F1 /* Project object */ = {
			isa = PBXProject;
			attributes = {
				LastSwiftUpdateCheck = 0720;
				LastUpgradeCheck = 0720;
				ORGANIZATIONNAME = hunglun;
				TargetAttributes = {
					FA8FD9761C7F382B006380F1 = {
						CreatedOnToolsVersion = 7.2;
					};
				};
			};
			buildConfigurationList = FA8FD9721C7F382B006380F1 /* Build configuration list for PBXProject "p5" */;
			compatibilityVersion = "Xcode 3.2";
			developmentRegion = English;
			hasScannedForEncodings = 0;
			knownRegions = (
				en,
				Base,
			);
			mainGroup = FA8FD96E1C7F382A006380F1;
			productRefGroup = FA8FD9781C7F382B006380F1 /* Products */;
			projectDirPath = "";
			projectRoot = "";
			targets = (
				FA8FD9761C7F382B006380F1 /* p5 */,
			);
		};
/* End PBXProject section */

/* Begin PBXResourcesBuildPhase section */
		FA8FD9751C7F382B006380F1 /* Resources */ = {
			isa = PBXResourcesBuildPhase;
			buildActionMask = 2147483647;
			files = (
				FA8FD9881C7F382B006380F1 /* LaunchScreen.storyboard in Resources */,
				FA8FD9901C7F3855006380F1 /* plan.txt in Resources */,
				FA8FD9851C7F382B006380F1 /* Assets.xcassets in Resources */,
				FA8FD9801C7F382B006380F1 /* Main.storyboard in Resources */,
				FA8FD9941C81C99B006380F1 /* metronomeClick.mp3 in Resources */,
			);
			runOnlyForDeploymentPostprocessing = 0;
		};
/* End PBXResourcesBuildPhase section */

/* Begin PBXSourcesBuildPhase section */
		FA8FD9731C7F382B006380F1 /* Sources */ = {
			isa = PBXSourcesBuildPhase;
			buildActionMask = 2147483647;
			files = (
				FA970D771C829FCD00E9EFCB /* RecordedAudio.swift in Sources */,
				FA970D791C82B68700E9EFCB /* MetronomeSubviewcontroller.swift in Sources */,
				FA8FD97D1C7F382B006380F1 /* Metronome.swift in Sources */,
				FA8FD97B1C7F382B006380F1 /* AppDelegate.swift in Sources */,
				FA8FD9831C7F382B006380F1 /* p5.xcdatamodeld in Sources */,
				FA970D741C829EF400E9EFCB /* RecordPlayAudio.swift in Sources */,
				FA8FD9921C81B1FA006380F1 /* RecordViewController.swift in Sources */,
			);
			runOnlyForDeploymentPostprocessing = 0;
		};
/* End PBXSourcesBuildPhase section */

/* Begin PBXVariantGroup section */
		FA8FD97E1C7F382B006380F1 /* Main.storyboard */ = {
			isa = PBXVariantGroup;
			children = (
				FA8FD97F1C7F382B006380F1 /* Base */,
			);
			name = Main.storyboard;
			sourceTree = "<group>";
		};
		FA8FD9861C7F382B006380F1 /* LaunchScreen.storyboard */ = {
			isa = PBXVariantGroup;
			children = (
				FA8FD9871C7F382B006380F1 /* Base */,
			);
			name = LaunchScreen.storyboard;
			sourceTree = "<group>";
		};
/* End PBXVariantGroup section */

/* Begin XCBuildConfiguration section */
		FA8FD98A1C7F382B006380F1 /* Debug */ = {
			isa = XCBuildConfiguration;
			buildSettings = {
				ALWAYS_SEARCH_USER_PATHS = NO;
				CLANG_CXX_LANGUAGE_STANDARD = "gnu++0x";
				CLANG_CXX_LIBRARY = "libc++";
				CLANG_ENABLE_MODULES = YES;
				CLANG_ENABLE_OBJC_ARC = YES;
				CLANG_WARN_BOOL_CONVERSION = YES;
				CLANG_WARN_CONSTANT_CONVERSION = YES;
				CLANG_WARN_DIRECT_OBJC_ISA_USAGE = YES_ERROR;
				CLANG_WARN_EMPTY_BODY = YES;
				CLANG_WARN_ENUM_CONVERSION = YES;
				CLANG_WARN_INT_CONVERSION = YES;
				CLANG_WARN_OBJC_ROOT_CLASS = YES_ERROR;
				CLANG_WARN_UNREACHABLE_CODE = YES;
				CLANG_WARN__DUPLICATE_METHOD_MATCH = YES;
				"CODE_SIGN_IDENTITY[sdk=iphoneos*]" = "iPhone Developer";
				COPY_PHASE_STRIP = NO;
				DEBUG_INFORMATION_FORMAT = dwarf;
				ENABLE_STRICT_OBJC_MSGSEND = YES;
				ENABLE_TESTABILITY = YES;
				GCC_C_LANGUAGE_STANDARD = gnu99;
				GCC_DYNAMIC_NO_PIC = NO;
				GCC_NO_COMMON_BLOCKS = YES;
				GCC_OPTIMIZATION_LEVEL = 0;
				GCC_PREPROCESSOR_DEFINITIONS = (
					"DEBUG=1",
					"$(inherited)",
				);
				GCC_WARN_64_TO_32_BIT_CONVERSION = YES;
				GCC_WARN_ABOUT_RETURN_TYPE = YES_ERROR;
				GCC_WARN_UNDECLARED_SELECTOR = YES;
				GCC_WARN_UNINITIALIZED_AUTOS = YES_AGGRESSIVE;
				GCC_WARN_UNUSED_FUNCTION = YES;
				GCC_WARN_UNUSED_VARIABLE = YES;
				IPHONEOS_DEPLOYMENT_TARGET = 9.2;
				MTL_ENABLE_DEBUG_INFO = YES;
				ONLY_ACTIVE_ARCH = YES;
				SDKROOT = iphoneos;
				SWIFT_OPTIMIZATION_LEVEL = "-Onone";
				TARGETED_DEVICE_FAMILY = "1,2";
			};
			name = Debug;
		};
		FA8FD98B1C7F382B006380F1 /* Release */ = {
			isa = XCBuildConfiguration;
			buildSettings = {
				ALWAYS_SEARCH_USER_PATHS = NO;
				CLANG_CXX_LANGUAGE_STANDARD = "gnu++0x";
				CLANG_CXX_LIBRARY = "libc++";
				CLANG_ENABLE_MODULES = YES;
				CLANG_ENABLE_OBJC_ARC = YES;
				CLANG_WARN_BOOL_CONVERSION = YES;
				CLANG_WARN_CONSTANT_CONVERSION = YES;
				CLANG_WARN_DIRECT_OBJC_ISA_USAGE = YES_ERROR;
				CLANG_WARN_EMPTY_BODY = YES;
				CLANG_WARN_ENUM_CONVERSION = YES;
				CLANG_WARN_INT_CONVERSION = YES;
				CLANG_WARN_OBJC_ROOT_CLASS = YES_ERROR;
				CLANG_WARN_UNREACHABLE_CODE = YES;
				CLANG_WARN__DUPLICATE_METHOD_MATCH = YES;
				"CODE_SIGN_IDENTITY[sdk=iphoneos*]" = "iPhone Developer";
				COPY_PHASE_STRIP = NO;
				DEBUG_INFORMATION_FORMAT = "dwarf-with-dsym";
				ENABLE_NS_ASSERTIONS = NO;
				ENABLE_STRICT_OBJC_MSGSEND = YES;
				GCC_C_LANGUAGE_STANDARD = gnu99;
				GCC_NO_COMMON_BLOCKS = YES;
				GCC_WARN_64_TO_32_BIT_CONVERSION = YES;
				GCC_WARN_ABOUT_RETURN_TYPE = YES_ERROR;
				GCC_WARN_UNDECLARED_SELECTOR = YES;
				GCC_WARN_UNINITIALIZED_AUTOS = YES_AGGRESSIVE;
				GCC_WARN_UNUSED_FUNCTION = YES;
				GCC_WARN_UNUSED_VARIABLE = YES;
				IPHONEOS_DEPLOYMENT_TARGET = 9.2;
				MTL_ENABLE_DEBUG_INFO = NO;
				SDKROOT = iphoneos;
				TARGETED_DEVICE_FAMILY = "1,2";
				VALIDATE_PRODUCT = YES;
			};
			name = Release;
		};
		FA8FD98D1C7F382B006380F1 /* Debug */ = {
			isa = XCBuildConfiguration;
			buildSettings = {
				ASSETCATALOG_COMPILER_APPICON_NAME = AppIcon;
				INFOPLIST_FILE = p5/Info.plist;
				LD_RUNPATH_SEARCH_PATHS = "$(inherited) @executable_path/Frameworks";
				PRODUCT_BUNDLE_IDENTIFIER = hunglun.p5;
				PRODUCT_NAME = "$(TARGET_NAME)";
			};
			name = Debug;
		};
		FA8FD98E1C7F382B006380F1 /* Release */ = {
			isa = XCBuildConfiguration;
			buildSettings = {
				ASSETCATALOG_COMPILER_APPICON_NAME = AppIcon;
				INFOPLIST_FILE = p5/Info.plist;
				LD_RUNPATH_SEARCH_PATHS = "$(inherited) @executable_path/Frameworks";
				PRODUCT_BUNDLE_IDENTIFIER = hunglun.p5;
				PRODUCT_NAME = "$(TARGET_NAME)";
			};
			name = Release;
		};
/* End XCBuildConfiguration section */

/* Begin XCConfigurationList section */
		FA8FD9721C7F382B006380F1 /* Build configuration list for PBXProject "p5" */ = {
			isa = XCConfigurationList;
			buildConfigurations = (
				FA8FD98A1C7F382B006380F1 /* Debug */,
				FA8FD98B1C7F382B006380F1 /* Release */,
			);
			defaultConfigurationIsVisible = 0;
			defaultConfigurationName = Release;
		};
		FA8FD98C1C7F382B006380F1 /* Build configuration list for PBXNativeTarget "p5" */ = {
			isa = XCConfigurationList;
			buildConfigurations = (
				FA8FD98D1C7F382B006380F1 /* Debug */,
				FA8FD98E1C7F382B006380F1 /* Release */,
			);
			defaultConfigurationIsVisible = 0;
			defaultConfigurationName = Release;
		};
/* End XCConfigurationList section */

/* Begin XCVersionGroup section */
		FA8FD9811C7F382B006380F1 /* p5.xcdatamodeld */ = {
			isa = XCVersionGroup;
			children = (
				FA8FD9821C7F382B006380F1 /* p5.xcdatamodel */,
			);
			currentVersion = FA8FD9821C7F382B006380F1 /* p5.xcdatamodel */;
			path = p5.xcdatamodeld;
			sourceTree = "<group>";
			versionGroupType = wrapper.xcdatamodel;
		};
/* End XCVersionGroup section */
	};
	rootObject = FA8FD96F1C7F382B006380F1 /* Project object */;
}
